lockfileVersion: '9.0'

settings:
  autoInstallPeers: true
  excludeLinksFromLockfile: false

importers:

  .:
    dependencies:
      react:
        specifier: ^18.3.1
        version: 18.3.1
      react-dom:
        specifier: ^18.3.1
        version: 18.3.1(react@18.3.1)
    devDependencies:
      '@rsbuild/core':
        specifier: ^1.3.1
        version: 1.3.13
      '@rsbuild/plugin-react':
        specifier: ^1.1.1
        version: 1.3.0(@rsbuild/core@1.3.13)
      '@types/react':
        specifier: ^18.3.18
        version: 18.3.20
      '@types/react-dom':
        specifier: ^18.3.5
        version: 18.3.6(@types/react@18.3.20)
      typescript:
        specifier: ^5.8.2
        version: 5.8.3

packages:

  '@module-federation/error-codes@0.13.0':
    resolution: {integrity: sha512-4soAMLr7qcVWuvCsyRmBbiBfuhxmnDeyl+qzjMx8VurQgL+XQDQJapM9RXngNGT4g8FoCq9o7rM5YWNgFFNUiw==}

  '@module-federation/runtime-core@0.13.0':
    resolution: {integrity: sha512-Oj/1p0mfxZ+8EbU7ND4gMvRmikFpIvPCbblOgat9N8ZIVAKYpTimCgMhzg4yRqAwzlGCVwnnW7XZ8UlA+Zqrvg==}

  '@module-federation/runtime-tools@0.13.0':
    resolution: {integrity: sha512-6ECWX18yGrQKcmkrQoNPd5VEpxZP1SMaB/Bp55xlpEhsrpn4zHnriQluxDw6xldjSOLl1qbokfxwCwjS2OaEbg==}

  '@module-federation/runtime@0.13.0':
    resolution: {integrity: sha512-Ne/3AEVWz6LL6G/i41O5MC6YYlg0SatNNqG/0XbuMAfyGM+llRmB6VKt0o2+JR4isxWuPNp97TbUkkfORit6Eg==}

  '@module-federation/sdk@0.13.0':
    resolution: {integrity: sha512-JdMZaPD+EQvMJYS+/8/8QjaAHQ3qljogvioXBsAuedcStu/msn5e1Fswc0G34kXY9ixs2hUPZU2cAllfSKWIBQ==}

  '@module-federation/webpack-bundler-runtime@0.13.0':
    resolution: {integrity: sha512-ycgAsFeCTo+3GR8JxkhCyg2UZm6Au98ISdLTdVXYphO4UDcO/KjqyJen1LXEslkpCEohDj68Prei2fUHRruK6g==}

  '@rsbuild/core@1.3.13':
    resolution: {integrity: sha512-FIRV1ncOYYLCEGJDL8ZPKyH4J15lJS54KfeGf3Eacy5zUhT+dAkI2+0ZWH/s9NlaXA/vlRq6SJF9Z2Y96dO13Q==}
    engines: {node: '>=16.10.0'}
    hasBin: true

  '@rsbuild/plugin-react@1.3.0':
    resolution: {integrity: sha512-3LxUoRTGDH9KB5ol5+4792DFJU5w3PKCcbF9QVRbL2Ma31WP/cEETTN7m5uZYyUZN/hOwrxU+ueRNNKD3XtaYQ==}
    peerDependencies:
      '@rsbuild/core': 1.x

  '@rspack/binding-darwin-arm64@1.3.7':
    resolution: {integrity: sha512-/5k4H0M7vvu7uorhc0OQKdQ7ybcjcJA//ptfYB646Ca/XY8FI1T/H88prPNrLNu97FGqUT4QWo5AHj01XymfDw==}
    cpu: [arm64]
    os: [darwin]

  '@rspack/binding-darwin-x64@1.3.7':
    resolution: {integrity: sha512-/eNcZFDHxo5RVmIxgVM5zxCXmufeWpvviWJMDjhycS175nJb6103YWpu6H0lHgbj0GnHM/Q2VjVRFNhaGbXqdA==}
    cpu: [x64]
    os: [darwin]

  '@rspack/binding-linux-arm64-gnu@1.3.7':
    resolution: {integrity: sha512-bSxA4MgGOdSvf/nTqNMuLeeyWS4Okh1iPskGuyAv/Sdf7cGbflUyZe6+w7A9BZEFR0CVTfj3f8kt73N+lu72Kg==}
    cpu: [arm64]
    os: [linux]

  '@rspack/binding-linux-arm64-musl@1.3.7':
    resolution: {integrity: sha512-i6QK6YodCA5R8/ShRylkyunwvNcRx/Q7af14jSCa7TPOi6pPoDUL2pmwGcJBk1uPc2wjQwAMZzfJjTWNjEyW2Q==}
    cpu: [arm64]
    os: [linux]

  '@rspack/binding-linux-x64-gnu@1.3.7':
    resolution: {integrity: sha512-6AmOHLOv4XAK7Y5cFDBtnetIZ44MqG8Q6wZ20zjql/khTxsRZa/edis/eUppGb8fy5gzi+qqSAznEZ+Qj3LMrQ==}
    cpu: [x64]
    os: [linux]

  '@rspack/binding-linux-x64-musl@1.3.7':
    resolution: {integrity: sha512-rPt0c9UHp5AxWHhjziEtd2uwiWyzM4UZLFJV6hawBWOoIQf2uLSl3fp0HTqxpslfTh3uo5ymhHN/bV48m5THzg==}
    cpu: [x64]
    os: [linux]

  '@rspack/binding-win32-arm64-msvc@1.3.7':
    resolution: {integrity: sha512-+Db7NGBzad1dCcSm94uARkIIhbVv1+BXAl1duLBnYQMfqsu/pirsInE9wbp7WVUbSl2hmdRi9MYgWACjoReo4g==}
    cpu: [arm64]
    os: [win32]

  '@rspack/binding-win32-ia32-msvc@1.3.7':
    resolution: {integrity: sha512-VPqqC0U6FolGoonmZYBBiFyWjQ4+X+e/l/t4QZP2DRonlpE418+MdCxq2ldVGgvtxwERNlz61zxEX9yh/8KOfw==}
    cpu: [ia32]
    os: [win32]

  '@rspack/binding-win32-x64-msvc@1.3.7':
    resolution: {integrity: sha512-zi9tKxlq85lSYTb1sbEluLjZlkbjuoJoy2TaNzVlfNkmiJ6EiqBbyCWoPPBJRP6HQ9pG25W0y4NWKp7iVhiBvg==}
    cpu: [x64]
    os: [win32]

  '@rspack/binding@1.3.7':
    resolution: {integrity: sha512-jSXLktIGmNNZssxT+fjZ31IyUO7lRoFrFO+XuqKlMpbnHE8yCrpaHE6rLyDPVO4Vnl6xx/df8usUXtZwIc4jrw==}

  '@rspack/core@1.3.7':
    resolution: {integrity: sha512-InXnEmImLKkxzkY7XaAozycjMvS5myf/o3zu1rw5tNq3ONxWvW0QOHVTcrF0FbeKQ/jCOFSfdaoFjbXjdUs38w==}
    engines: {node: '>=16.0.0'}
    peerDependencies:
      '@swc/helpers': '>=0.5.1'
    peerDependenciesMeta:
      '@swc/helpers':
        optional: true

  '@rspack/lite-tapable@1.0.1':
    resolution: {integrity: sha512-VynGOEsVw2s8TAlLf/uESfrgfrq2+rcXB1muPJYBWbsm1Oa6r5qVQhjA5ggM6z/coYPrsVMgovl3Ff7Q7OCp1w==}
    engines: {node: '>=16.0.0'}

  '@rspack/plugin-react-refresh@1.4.1':
    resolution: {integrity: sha512-bRALP4qEauvrB7RcMQ95rUHu1dw19V6c6uYukUTpA2OZDyMHTQ9cpEe28kaDwH/xsAuDNuYqnUZOW3NdLO/q3A==}
    peerDependencies:
      react-refresh: '>=0.10.0 <1.0.0'
      webpack-hot-middleware: 2.x
    peerDependenciesMeta:
      webpack-hot-middleware:
        optional: true

  '@swc/helpers@0.5.17':
    resolution: {integrity: sha512-5IKx/Y13RsYd+sauPb2x+U/xZikHjolzfuDgTAl/Tdf3Q8rslRvC19NKDLgAJQ6wsqADk10ntlv08nPFw/gO/A==}

  '@types/prop-types@15.7.14':
    resolution: {integrity: sha512-gNMvNH49DJ7OJYv+KAKn0Xp45p8PLl6zo2YnvDIbTd4J6MER2BmWN49TG7n9LvkyihINxeKW8+3bfS2yDC9dzQ==}

  '@types/react-dom@18.3.6':
    resolution: {integrity: sha512-nf22//wEbKXusP6E9pfOCDwFdHAX4u172eaJI4YkDRQEZiorm6KfYnSC2SWLDMVWUOWPERmJnN0ujeAfTBLvrw==}
    peerDependencies:
      '@types/react': ^18.0.0

  '@types/react@18.3.20':
    resolution: {integrity: sha512-IPaCZN7PShZK/3t6Q87pfTkRm6oLTd4vztyoj+cbHUF1g3FfVb2tFIL79uCRKEfv16AhqDMBywP2VW3KIZUvcg==}

  caniuse-lite@1.0.30001715:
    resolution: {integrity: sha512-7ptkFGMm2OAOgvZpwgA4yjQ5SQbrNVGdRjzH0pBdy1Fasvcr+KAeECmbCAECzTuDuoX0FCY8KzUxjf9+9kfZEw==}

  core-js@3.41.0:
    resolution: {integrity: sha512-SJ4/EHwS36QMJd6h/Rg+GyR4A5xE0FSI3eZ+iBVpfqf1x0eTSg1smWLHrA+2jQThZSh97fmSgFSU8B61nxosxA==}

  csstype@3.1.3:
    resolution: {integrity: sha512-M1uQkMl8rQK/szD0LNhtqxIPLpimGm8sOBwU7lLnCpSbTyY3yeU1Vc7l4KT5zT4s/yOxHH5O7tIuuLOCnLADRw==}

  error-stack-parser@2.1.4:
    resolution: {integrity: sha512-Sk5V6wVazPhq5MhpO+AUxJn5x7XSXGl1R93Vn7i+zS15KDVxQijejNCrz8340/2bgLBjR9GtEG8ZVKONDjcqGQ==}

  html-entities@2.6.0:
    resolution: {integrity: sha512-kig+rMn/QOVRvr7c86gQ8lWXq+Hkv6CbAH1hLu+RG338StTpE8Z0b44SDVaqVu7HGKf27frdmUYEs9hTUX/cLQ==}

  jiti@2.4.2:
    resolution: {integrity: sha512-rg9zJN+G4n2nfJl5MW3BMygZX56zKPNVEYYqq7adpmMh4Jn2QNEwhvQlFy6jPVdcod7txZtKHWnyZiA3a0zP7A==}
    hasBin: true

  js-tokens@4.0.0:
    resolution: {integrity: sha512-RdJUflcE3cUzKiMqQgsCu06FPu9UdIJO0beYbPhHN4k6apgJtifcoCtT9bcxOpYBtpD2kCM6Sbzg4CausW/PKQ==}

  loose-envify@1.4.0:
    resolution: {integrity: sha512-lyuxPGr/Wfhrlem2CL/UcnUc1zcqKAImBDzukY7Y5F/yQiNdko6+fRLevlw1HgMySw7f611UIY408EtxRSoK3Q==}
    hasBin: true

  react-dom@18.3.1:
    resolution: {integrity: sha512-5m4nQKp+rZRb09LNH59GM4BxTh9251/ylbKIbpe7TpGxfJ+9kv6BLkLBXIjjspbgbnIBNqlI23tRnTWT0snUIw==}
    peerDependencies:
      react: ^18.3.1

  react-refresh@0.17.0:
    resolution: {integrity: sha512-z6F7K9bV85EfseRCp2bzrpyQ0Gkw1uLoCel9XBVWPg/TjRj94SkJzUTGfOa4bs7iJvBWtQG0Wq7wnI0syw3EBQ==}
    engines: {node: '>=0.10.0'}

  react@18.3.1:
    resolution: {integrity: sha512-wS+hAgJShR0KhEvPJArfuPVN1+Hz1t0Y6n5jLrGQbkb4urgPE/0Rve+1kMB1v/oWgHgm4WIcV+i7F2pTVj+2iQ==}
    engines: {node: '>=0.10.0'}

  scheduler@0.23.2:
    resolution: {integrity: sha512-UOShsPwz7NrMUqhR6t0hWjFduvOzbtv7toDH1/hIrfRNIDBnnBWd0CwJTGvTpngVlmwGCdP9/Zl/tVrDqcuYzQ==}

  stackframe@1.3.4:
    resolution: {integrity: sha512-oeVtt7eWQS+Na6F//S4kJ2K2VbRlS9D43mAlMyVpVWovy9o+jfgH8O9agzANzaiLjclA0oYzUXEM4PurhSUChw==}

  tslib@2.8.1:
    resolution: {integrity: sha512-oJFu94HQb+KVduSUQL7wnpmqnfmLsOA/nAh6b6EH0wCEoK0/mPeXU6c3wKDV83MkOuHPRHtSXKKU99IBazS/2w==}

  typescript@5.8.3:
    resolution: {integrity: sha512-p1diW6TqL9L07nNxvRMM7hMMw4c5XOo/1ibL4aAIGmSAt9slTE1Xgw5KWuof2uTOvCg9BY7ZRi+GaF+7sfgPeQ==}
    engines: {node: '>=14.17'}
    hasBin: true

snapshots:

  '@module-federation/error-codes@0.13.0': {}

  '@module-federation/runtime-core@0.13.0':
    dependencies:
      '@module-federation/error-codes': 0.13.0
      '@module-federation/sdk': 0.13.0

  '@module-federation/runtime-tools@0.13.0':
    dependencies:
      '@module-federation/runtime': 0.13.0
      '@module-federation/webpack-bundler-runtime': 0.13.0

  '@module-federation/runtime@0.13.0':
    dependencies:
      '@module-federation/error-codes': 0.13.0
      '@module-federation/runtime-core': 0.13.0
      '@module-federation/sdk': 0.13.0

  '@module-federation/sdk@0.13.0': {}

  '@module-federation/webpack-bundler-runtime@0.13.0':
    dependencies:
      '@module-federation/runtime': 0.13.0
      '@module-federation/sdk': 0.13.0

  '@rsbuild/core@1.3.13':
    dependencies:
      '@rspack/core': 1.3.7(@swc/helpers@0.5.17)
      '@rspack/lite-tapable': 1.0.1
      '@swc/helpers': 0.5.17
      core-js: 3.41.0
      jiti: 2.4.2

  '@rsbuild/plugin-react@1.3.0(@rsbuild/core@1.3.13)':
    dependencies:
      '@rsbuild/core': 1.3.13
      '@rspack/plugin-react-refresh': 1.4.1(react-refresh@0.17.0)
      react-refresh: 0.17.0
    transitivePeerDependencies:
      - webpack-hot-middleware

  '@rspack/binding-darwin-arm64@1.3.7':
    optional: true

  '@rspack/binding-darwin-x64@1.3.7':
    optional: true

  '@rspack/binding-linux-arm64-gnu@1.3.7':
    optional: true

  '@rspack/binding-linux-arm64-musl@1.3.7':
    optional: true

  '@rspack/binding-linux-x64-gnu@1.3.7':
    optional: true

  '@rspack/binding-linux-x64-musl@1.3.7':
    optional: true

  '@rspack/binding-win32-arm64-msvc@1.3.7':
    optional: true

  '@rspack/binding-win32-ia32-msvc@1.3.7':
    optional: true

  '@rspack/binding-win32-x64-msvc@1.3.7':
    optional: true

  '@rspack/binding@1.3.7':
    optionalDependencies:
      '@rspack/binding-darwin-arm64': 1.3.7
      '@rspack/binding-darwin-x64': 1.3.7
      '@rspack/binding-linux-arm64-gnu': 1.3.7
      '@rspack/binding-linux-arm64-musl': 1.3.7
      '@rspack/binding-linux-x64-gnu': 1.3.7
      '@rspack/binding-linux-x64-musl': 1.3.7
      '@rspack/binding-win32-arm64-msvc': 1.3.7
      '@rspack/binding-win32-ia32-msvc': 1.3.7
      '@rspack/binding-win32-x64-msvc': 1.3.7

  '@rspack/core@1.3.7(@swc/helpers@0.5.17)':
    dependencies:
      '@module-federation/runtime-tools': 0.13.0
      '@rspack/binding': 1.3.7
      '@rspack/lite-tapable': 1.0.1
      caniuse-lite: 1.0.30001715
    optionalDependencies:
      '@swc/helpers': 0.5.17

  '@rspack/lite-tapable@1.0.1': {}

  '@rspack/plugin-react-refresh@1.4.1(react-refresh@0.17.0)':
    dependencies:
      error-stack-parser: 2.1.4
      html-entities: 2.6.0
      react-refresh: 0.17.0

  '@swc/helpers@0.5.17':
    dependencies:
      tslib: 2.8.1

  '@types/prop-types@15.7.14': {}

  '@types/react-dom@18.3.6(@types/react@18.3.20)':
    dependencies:
      '@types/react': 18.3.20

  '@types/react@18.3.20':
    dependencies:
      '@types/prop-types': 15.7.14
      csstype: 3.1.3

  caniuse-lite@1.0.30001715: {}

  core-js@3.41.0: {}

  csstype@3.1.3: {}

  error-stack-parser@2.1.4:
    dependencies:
      stackframe: 1.3.4

  html-entities@2.6.0: {}

  jiti@2.4.2: {}

  js-tokens@4.0.0: {}

  loose-envify@1.4.0:
    dependencies:
      js-tokens: 4.0.0

  react-dom@18.3.1(react@18.3.1):
    dependencies:
      loose-envify: 1.4.0
      react: 18.3.1
      scheduler: 0.23.2

  react-refresh@0.17.0: {}

  react@18.3.1:
    dependencies:
      loose-envify: 1.4.0

  scheduler@0.23.2:
    dependencies:
      loose-envify: 1.4.0

  stackframe@1.3.4: {}

  tslib@2.8.1: {}

  typescript@5.8.3: {}
